
Microsoft Visual Studio Solution File, Format Version 12.00
# Visual Studio Version 17
VisualStudioVersion = 17.14.36401.2 d17.14
MinimumVisualStudioVersion = 10.0.40219.1
Project("{FAE04EC0-301F-11D3-BF4B-00C04F79EFBC}") = "SilkGameCore", "SilkGameCore\SilkGameCore.csproj", "{A9D1F994-A272-4716-BE1C-96837E08B113}"
EndProject
Global
	GlobalSection(SolutionConfigurationPlatforms) = preSolution
		Debug|Any CPU = Debug|Any CPU
		Release|Any CPU = Release|Any CPU
	EndGlobalSection
	GlobalSection(ProjectConfigurationPlatforms) = postSolution
		{A9D1F994-A272-4716-BE1C-96837E08B113}.Debug|Any CPU.ActiveCfg = Debug|Any CPU
		{A9D1F994-A272-4716-BE1C-96837E08B113}.Debug|Any CPU.Build.0 = Debug|Any CPU
		{A9D1F994-A272-4716-BE1C-96837E08B113}.Release|Any CPU.ActiveCfg = Release|Any CPU
		{A9D1F994-A272-4716-BE1C-96837E08B113}.Release|Any CPU.Build.0 = Release|Any CPU
	EndGlobalSection
	GlobalSection(SolutionProperties) = preSolution
		HideSolutionNode = FALSE
	EndGlobalSection
	GlobalSection(ExtensibilityGlobals) = postSolution
		SolutionGuid = {20DCCBD0-AE87-4844-98F7-99762EA34B41}
	EndGlobalSection
EndGlobal
